
Microsoft Visual Studio Solution File, Format Version 12.00
# Visual Studio Version 17
VisualStudioVersion = 17.9.34728.123
MinimumVisualStudioVersion = 10.0.40219.1
Project("{FAE04EC0-301F-11D3-BF4B-00C04F79EFBC}") = "dynamic", "dynamic.csproj", "{E767B14C-F5FF-4836-A7F5-1850788BA025}"
EndProject
Global
	GlobalSection(SolutionConfigurationPlatforms) = preSolution
		Debug|Any CPU = Debug|Any CPU
		Release|Any CPU = Release|Any CPU
	EndGlobalSection
	GlobalSection(ProjectConfigurationPlatforms) = postSolution
		{E767B14C-F5FF-4836-A7F5-1850788BA025}.Debug|Any CPU.ActiveCfg = Debug|Any CPU
		{E767B14C-F5FF-4836-A7F5-1850788BA025}.Debug|Any CPU.Build.0 = Debug|Any CPU
		{E767B14C-F5FF-4836-A7F5-1850788BA025}.Release|Any CPU.ActiveCfg = Release|Any CPU
		{E767B14C-F5FF-4836-A7F5-1850788BA025}.Release|Any CPU.Build.0 = Release|Any CPU
	EndGlobalSection
	GlobalSection(SolutionProperties) = preSolution
		HideSolutionNode = FALSE
	EndGlobalSection
	GlobalSection(ExtensibilityGlobals) = postSolution
		SolutionGuid = {EFA2DB27-1861-4198-9800-F1CF9C4DA8CB}
	EndGlobalSection
EndGlobal
