
Microsoft Visual Studio Solution File, Format Version 12.00
# Visual Studio Version 17
VisualStudioVersion = 17.9.34902.65
MinimumVisualStudioVersion = 10.0.40219.1
Project("{FAE04EC0-301F-11D3-BF4B-00C04F79EFBC}") = "OOPDemo2App_Premium", "OOPDemo2App_Premium.csproj", "{5D21182F-8947-43BA-849E-4ACBE41191E8}"
EndProject
Global
	GlobalSection(SolutionConfigurationPlatforms) = preSolution
		Debug|Any CPU = Debug|Any CPU
		Release|Any CPU = Release|Any CPU
	EndGlobalSection
	GlobalSection(ProjectConfigurationPlatforms) = postSolution
		{5D21182F-8947-43BA-849E-4ACBE41191E8}.Debug|Any CPU.ActiveCfg = Debug|Any CPU
		{5D21182F-8947-43BA-849E-4ACBE41191E8}.Debug|Any CPU.Build.0 = Debug|Any CPU
		{5D21182F-8947-43BA-849E-4ACBE41191E8}.Release|Any CPU.ActiveCfg = Release|Any CPU
		{5D21182F-8947-43BA-849E-4ACBE41191E8}.Release|Any CPU.Build.0 = Release|Any CPU
	EndGlobalSection
	GlobalSection(SolutionProperties) = preSolution
		HideSolutionNode = FALSE
	EndGlobalSection
	GlobalSection(ExtensibilityGlobals) = postSolution
		SolutionGuid = {86204E17-799F-41AF-AC4D-F842095C9086}
	EndGlobalSection
EndGlobal
