
Microsoft Visual Studio Solution File, Format Version 12.00
# Visual Studio Version 17
VisualStudioVersion = 17.9.34728.123
MinimumVisualStudioVersion = 10.0.40219.1
Project("{FAE04EC0-301F-11D3-BF4B-00C04F79EFBC}") = "var_keyword", "var_keyword.csproj", "{3B6448DC-1742-4381-8865-DD65E3EA2379}"
EndProject
Global
	GlobalSection(SolutionConfigurationPlatforms) = preSolution
		Debug|Any CPU = Debug|Any CPU
		Release|Any CPU = Release|Any CPU
	EndGlobalSection
	GlobalSection(ProjectConfigurationPlatforms) = postSolution
		{3B6448DC-1742-4381-8865-DD65E3EA2379}.Debug|Any CPU.ActiveCfg = Debug|Any CPU
		{3B6448DC-1742-4381-8865-DD65E3EA2379}.Debug|Any CPU.Build.0 = Debug|Any CPU
		{3B6448DC-1742-4381-8865-DD65E3EA2379}.Release|Any CPU.ActiveCfg = Release|Any CPU
		{3B6448DC-1742-4381-8865-DD65E3EA2379}.Release|Any CPU.Build.0 = Release|Any CPU
	EndGlobalSection
	GlobalSection(SolutionProperties) = preSolution
		HideSolutionNode = FALSE
	EndGlobalSection
	GlobalSection(ExtensibilityGlobals) = postSolution
		SolutionGuid = {80145261-DA3A-4DAB-8F90-DD9A5A02994C}
	EndGlobalSection
EndGlobal
