
Microsoft Visual Studio Solution File, Format Version 12.00
# Visual Studio Version 17
VisualStudioVersion = 17.9.34902.65
MinimumVisualStudioVersion = 10.0.40219.1
Project("{FAE04EC0-301F-11D3-BF4B-00C04F79EFBC}") = "KIEUDULIEU_THAMCHIEU_Dynamic", "KIEUDULIEU_THAMCHIEU_Dynamic.csproj", "{35FDD976-5021-4BD4-9DFF-C1AFF3F2EF29}"
EndProject
Global
	GlobalSection(SolutionConfigurationPlatforms) = preSolution
		Debug|Any CPU = Debug|Any CPU
		Release|Any CPU = Release|Any CPU
	EndGlobalSection
	GlobalSection(ProjectConfigurationPlatforms) = postSolution
		{35FDD976-5021-4BD4-9DFF-C1AFF3F2EF29}.Debug|Any CPU.ActiveCfg = Debug|Any CPU
		{35FDD976-5021-4BD4-9DFF-C1AFF3F2EF29}.Debug|Any CPU.Build.0 = Debug|Any CPU
		{35FDD976-5021-4BD4-9DFF-C1AFF3F2EF29}.Release|Any CPU.ActiveCfg = Release|Any CPU
		{35FDD976-5021-4BD4-9DFF-C1AFF3F2EF29}.Release|Any CPU.Build.0 = Release|Any CPU
	EndGlobalSection
	GlobalSection(SolutionProperties) = preSolution
		HideSolutionNode = FALSE
	EndGlobalSection
	GlobalSection(ExtensibilityGlobals) = postSolution
		SolutionGuid = {08B338FC-097E-440C-A9FB-50CF2CB95F73}
	EndGlobalSection
EndGlobal
