
Microsoft Visual Studio Solution File, Format Version 12.00
# Visual Studio Version 17
VisualStudioVersion = 17.9.34728.123
MinimumVisualStudioVersion = 10.0.40219.1
Project("{FAE04EC0-301F-11D3-BF4B-00C04F79EFBC}") = "ToanTu", "ToanTu.csproj", "{B067331F-EE72-48D7-8766-249ABB603DDD}"
EndProject
Global
	GlobalSection(SolutionConfigurationPlatforms) = preSolution
		Debug|Any CPU = Debug|Any CPU
		Release|Any CPU = Release|Any CPU
	EndGlobalSection
	GlobalSection(ProjectConfigurationPlatforms) = postSolution
		{B067331F-EE72-48D7-8766-249ABB603DDD}.Debug|Any CPU.ActiveCfg = Debug|Any CPU
		{B067331F-EE72-48D7-8766-249ABB603DDD}.Debug|Any CPU.Build.0 = Debug|Any CPU
		{B067331F-EE72-48D7-8766-249ABB603DDD}.Release|Any CPU.ActiveCfg = Release|Any CPU
		{B067331F-EE72-48D7-8766-249ABB603DDD}.Release|Any CPU.Build.0 = Release|Any CPU
	EndGlobalSection
	GlobalSection(SolutionProperties) = preSolution
		HideSolutionNode = FALSE
	EndGlobalSection
	GlobalSection(ExtensibilityGlobals) = postSolution
		SolutionGuid = {3DB692C6-0F7A-4B8F-85AD-0DB9DB0FE259}
	EndGlobalSection
EndGlobal
