
Microsoft Visual Studio Solution File, Format Version 12.00
# Visual Studio Version 17
VisualStudioVersion = 17.9.34902.65
MinimumVisualStudioVersion = 10.0.40219.1
Project("{FAE04EC0-301F-11D3-BF4B-00C04F79EFBC}") = "VONGLAP_goto", "VONGLAP_goto.csproj", "{DC055D62-148B-4495-A16A-D224720CBF00}"
EndProject
Global
	GlobalSection(SolutionConfigurationPlatforms) = preSolution
		Debug|Any CPU = Debug|Any CPU
		Release|Any CPU = Release|Any CPU
	EndGlobalSection
	GlobalSection(ProjectConfigurationPlatforms) = postSolution
		{DC055D62-148B-4495-A16A-D224720CBF00}.Debug|Any CPU.ActiveCfg = Debug|Any CPU
		{DC055D62-148B-4495-A16A-D224720CBF00}.Debug|Any CPU.Build.0 = Debug|Any CPU
		{DC055D62-148B-4495-A16A-D224720CBF00}.Release|Any CPU.ActiveCfg = Release|Any CPU
		{DC055D62-148B-4495-A16A-D224720CBF00}.Release|Any CPU.Build.0 = Release|Any CPU
	EndGlobalSection
	GlobalSection(SolutionProperties) = preSolution
		HideSolutionNode = FALSE
	EndGlobalSection
	GlobalSection(ExtensibilityGlobals) = postSolution
		SolutionGuid = {C88EC61F-ADF7-4E5F-97C5-B2B097EAA1C4}
	EndGlobalSection
EndGlobal
