
Microsoft Visual Studio Solution File, Format Version 12.00
# Visual Studio Version 17
VisualStudioVersion = 17.9.34902.65
MinimumVisualStudioVersion = 10.0.40219.1
Project("{FAE04EC0-301F-11D3-BF4B-00C04F79EFBC}") = "forbasic", "forbasic.csproj", "{C2BFF143-A04B-497A-84C7-C8E55FFC700A}"
EndProject
Global
	GlobalSection(SolutionConfigurationPlatforms) = preSolution
		Debug|Any CPU = Debug|Any CPU
		Release|Any CPU = Release|Any CPU
	EndGlobalSection
	GlobalSection(ProjectConfigurationPlatforms) = postSolution
		{C2BFF143-A04B-497A-84C7-C8E55FFC700A}.Debug|Any CPU.ActiveCfg = Debug|Any CPU
		{C2BFF143-A04B-497A-84C7-C8E55FFC700A}.Debug|Any CPU.Build.0 = Debug|Any CPU
		{C2BFF143-A04B-497A-84C7-C8E55FFC700A}.Release|Any CPU.ActiveCfg = Release|Any CPU
		{C2BFF143-A04B-497A-84C7-C8E55FFC700A}.Release|Any CPU.Build.0 = Release|Any CPU
	EndGlobalSection
	GlobalSection(SolutionProperties) = preSolution
		HideSolutionNode = FALSE
	EndGlobalSection
	GlobalSection(ExtensibilityGlobals) = postSolution
		SolutionGuid = {87EE6A38-C74A-4D2E-AC23-8D770B435402}
	EndGlobalSection
EndGlobal
